
Microsoft Visual Studio Solution File, Format Version 12.00
# Visual Studio 2013
VisualStudioVersion = 12.0.0.0
MinimumVisualStudioVersion = 10.0.0.1
Project("{FAE04EC0-301F-11D3-BF4B-00C04F79EFBC}") = "Devebropers.Common", "Devebropers.Common/Devebropers.Common.csproj", "{6851CBE9-3ABA-499A-A39C-ADC5C69DC620}"
EndProject
Project("{FAE04EC0-301F-11D3-BF4B-00C04F79EFBC}") = "Devebropers.Common.Testing", "Devebropers.Common.Testing\Devebropers.Common.Testing.csproj", "{A1FB25F4-A140-4620-AF46-BE2E0D4E62E9}"
EndProject
Global
	GlobalSection(SolutionConfigurationPlatforms) = preSolution
		Debug|Any CPU = Debug|Any CPU
		Release|Any CPU = Release|Any CPU
	EndGlobalSection
	GlobalSection(ProjectConfigurationPlatforms) = postSolution
		{6851CBE9-3ABA-499A-A39C-ADC5C69DC620}.Debug|Any CPU.ActiveCfg = Debug|Any CPU
		{6851CBE9-3ABA-499A-A39C-ADC5C69DC620}.Debug|Any CPU.Build.0 = Debug|Any CPU
		{6851CBE9-3ABA-499A-A39C-ADC5C69DC620}.Release|Any CPU.ActiveCfg = Release|Any CPU
		{6851CBE9-3ABA-499A-A39C-ADC5C69DC620}.Release|Any CPU.Build.0 = Release|Any CPU
		{A1FB25F4-A140-4620-AF46-BE2E0D4E62E9}.Debug|Any CPU.ActiveCfg = Debug|Any CPU
		{A1FB25F4-A140-4620-AF46-BE2E0D4E62E9}.Debug|Any CPU.Build.0 = Debug|Any CPU
		{A1FB25F4-A140-4620-AF46-BE2E0D4E62E9}.Release|Any CPU.ActiveCfg = Release|Any CPU
		{A1FB25F4-A140-4620-AF46-BE2E0D4E62E9}.Release|Any CPU.Build.0 = Release|Any CPU
	EndGlobalSection
	GlobalSection(SolutionProperties) = preSolution
		HideSolutionNode = FALSE
	EndGlobalSection
EndGlobal
