
Microsoft Visual Studio Solution File, Format Version 12.00
# Visual Studio 2013
VisualStudioVersion = 12.0.0.0
MinimumVisualStudioVersion = 10.0.0.1
Project("{FAE04EC0-301F-11D3-BF4B-00C04F79EFBC}") = "Devebropers.Diagnostics", "Devebropers.Diagnostics/Devebropers.Diagnostics.csproj", "{734A9AAA-D839-4888-B8CE-32DC89911050}"
EndProject
Project("{FAE04EC0-301F-11D3-BF4B-00C04F79EFBC}") = "Devebropers.Diagnostics.Events", "Devebropers.Diagnostics.Events\Devebropers.Diagnostics.Events.csproj", "{4AD6148F-7701-4CEA-85CB-179EEDA3639F}"
EndProject
Project("{FAE04EC0-301F-11D3-BF4B-00C04F79EFBC}") = "Devebropers.Diagnostics.Tests.Unit", "Devebropers.Diagnostics.Tests.Unit\Devebropers.Diagnostics.Tests.Unit.csproj", "{79FBA239-5453-47A5-A6BB-FE6073EB7047}"
EndProject
Global
	GlobalSection(SolutionConfigurationPlatforms) = preSolution
		Debug|Any CPU = Debug|Any CPU
		Release|Any CPU = Release|Any CPU
	EndGlobalSection
	GlobalSection(ProjectConfigurationPlatforms) = postSolution
		{734A9AAA-D839-4888-B8CE-32DC89911050}.Debug|Any CPU.ActiveCfg = Debug|Any CPU
		{734A9AAA-D839-4888-B8CE-32DC89911050}.Debug|Any CPU.Build.0 = Debug|Any CPU
		{734A9AAA-D839-4888-B8CE-32DC89911050}.Release|Any CPU.ActiveCfg = Release|Any CPU
		{734A9AAA-D839-4888-B8CE-32DC89911050}.Release|Any CPU.Build.0 = Release|Any CPU
		{4AD6148F-7701-4CEA-85CB-179EEDA3639F}.Debug|Any CPU.ActiveCfg = Debug|Any CPU
		{4AD6148F-7701-4CEA-85CB-179EEDA3639F}.Debug|Any CPU.Build.0 = Debug|Any CPU
		{4AD6148F-7701-4CEA-85CB-179EEDA3639F}.Release|Any CPU.ActiveCfg = Release|Any CPU
		{4AD6148F-7701-4CEA-85CB-179EEDA3639F}.Release|Any CPU.Build.0 = Release|Any CPU
		{79FBA239-5453-47A5-A6BB-FE6073EB7047}.Debug|Any CPU.ActiveCfg = Debug|Any CPU
		{79FBA239-5453-47A5-A6BB-FE6073EB7047}.Debug|Any CPU.Build.0 = Debug|Any CPU
		{79FBA239-5453-47A5-A6BB-FE6073EB7047}.Release|Any CPU.ActiveCfg = Release|Any CPU
		{79FBA239-5453-47A5-A6BB-FE6073EB7047}.Release|Any CPU.Build.0 = Release|Any CPU
	EndGlobalSection
	GlobalSection(SolutionProperties) = preSolution
		HideSolutionNode = FALSE
	EndGlobalSection
EndGlobal
